
Microsoft Visual Studio Solution File, Format Version 12.00
# Visual Studio 15
VisualStudioVersion = 15.0.27703.2035
MinimumVisualStudioVersion = 10.0.40219.1
Project("{FAE04EC0-301F-11D3-BF4B-00C04F79EFBC}") = "WebApplication10", "WebApplication10\WebApplication10.csproj", "{3692BDC8-2DD1-4309-B5AD-E5CBFBF2BE1E}"
EndProject
Project("{FAE04EC0-301F-11D3-BF4B-00C04F79EFBC}") = "SolutionSecurity", "SolutionSecurity\SolutionSecurity.csproj", "{D1DA2158-0561-41A3-AC00-657BD5384DF1}"
EndProject
Global
	GlobalSection(SolutionConfigurationPlatforms) = preSolution
		Debug|Any CPU = Debug|Any CPU
		Release|Any CPU = Release|Any CPU
	EndGlobalSection
	GlobalSection(ProjectConfigurationPlatforms) = postSolution
		{3692BDC8-2DD1-4309-B5AD-E5CBFBF2BE1E}.Debug|Any CPU.ActiveCfg = Debug|Any CPU
		{3692BDC8-2DD1-4309-B5AD-E5CBFBF2BE1E}.Debug|Any CPU.Build.0 = Debug|Any CPU
		{3692BDC8-2DD1-4309-B5AD-E5CBFBF2BE1E}.Release|Any CPU.ActiveCfg = Release|Any CPU
		{3692BDC8-2DD1-4309-B5AD-E5CBFBF2BE1E}.Release|Any CPU.Build.0 = Release|Any CPU
		{D1DA2158-0561-41A3-AC00-657BD5384DF1}.Debug|Any CPU.ActiveCfg = Debug|Any CPU
		{D1DA2158-0561-41A3-AC00-657BD5384DF1}.Debug|Any CPU.Build.0 = Debug|Any CPU
		{D1DA2158-0561-41A3-AC00-657BD5384DF1}.Release|Any CPU.ActiveCfg = Release|Any CPU
		{D1DA2158-0561-41A3-AC00-657BD5384DF1}.Release|Any CPU.Build.0 = Release|Any CPU
	EndGlobalSection
	GlobalSection(SolutionProperties) = preSolution
		HideSolutionNode = FALSE
	EndGlobalSection
	GlobalSection(ExtensibilityGlobals) = postSolution
		SolutionGuid = {7263E302-C0E8-4DFE-BA54-6995C5407EF6}
	EndGlobalSection
EndGlobal
